// !$*UTF8*$!
{
	archiveVersion = 1;
	classes = {
	};
	objectVersion = 46;
	objects = {

/* Begin PBXBuildFile section */
		0F77707D1C864BFC0025057F /* main.m in Sources */ = {isa = PBXBuildFile; fileRef = 0F77707C1C864BFC0025057F /* main.m */; };
		0F7770801C864BFC0025057F /* AppDelegate.m in Sources */ = {isa = PBXBuildFile; fileRef = 0F77707F1C864BFC0025057F /* AppDelegate.m */; };
		0F7770831C864BFC0025057F /* FirstViewController.m in Sources */ = {isa = PBXBuildFile; fileRef = 0F7770821C864BFC0025057F /* FirstViewController.m */; };
		0F7770861C864BFC0025057F /* SecondViewController.m in Sources */ = {isa = PBXBuildFile; fileRef = 0F7770851C864BFC0025057F /* SecondViewController.m */; };
		0F7770891C864BFC0025057F /* Main.storyboard in Resources */ = {isa = PBXBuildFile; fileRef = 0F7770871C864BFC0025057F /* Main.storyboard */; };
		0F77708B1C864BFC0025057F /* Assets.xcassets in Resources */ = {isa = PBXBuildFile; fileRef = 0F77708A1C864BFC0025057F /* Assets.xcassets */; };
		0F77708E1C864BFC0025057F /* LaunchScreen.storyboard in Resources */ = {isa = PBXBuildFile; fileRef = 0F77708C1C864BFC0025057F /* LaunchScreen.storyboard */; };
		C52F8F542A2DE0C7430D7232 /* libPods-GeofencingDemo.a in Frameworks */ = {isa = PBXBuildFile; fileRef = C76F14FB6ADB3FD207B7D322 /* libPods-GeofencingDemo.a */; };
/* End PBXBuildFile section */

/* Begin PBXFileReference section */
		0F7770781C864BFC0025057F /* GeofencingDemo.app */ = {isa = PBXFileReference; explicitFileType = wrapper.application; includeInIndex = 0; path = GeofencingDemo.app; sourceTree = BUILT_PRODUCTS_DIR; };
		0F77707C1C864BFC0025057F /* main.m */ = {isa = PBXFileReference; lastKnownFileType = sourcecode.c.objc; path = main.m; sourceTree = "<group>"; };
		0F77707E1C864BFC0025057F /* AppDelegate.h */ = {isa = PBXFileReference; lastKnownFileType = sourcecode.c.h; path = AppDelegate.h; sourceTree = "<group>"; };
		0F77707F1C864BFC0025057F /* AppDelegate.m */ = {isa = PBXFileReference; lastKnownFileType = sourcecode.c.objc; path = AppDelegate.m; sourceTree = "<group>"; };
		0F7770811C864BFC0025057F /* FirstViewController.h */ = {isa = PBXFileReference; lastKnownFileType = sourcecode.c.h; path = FirstViewController.h; sourceTree = "<group>"; };
		0F7770821C864BFC0025057F /* FirstViewController.m */ = {isa = PBXFileReference; lastKnownFileType = sourcecode.c.objc; path = FirstViewController.m; sourceTree = "<group>"; };
		0F7770841C864BFC0025057F /* SecondViewController.h */ = {isa = PBXFileReference; lastKnownFileType = sourcecode.c.h; path = SecondViewController.h; sourceTree = "<group>"; };
		0F7770851C864BFC0025057F /* SecondViewController.m */ = {isa = PBXFileReference; lastKnownFileType = sourcecode.c.objc; path = SecondViewController.m; sourceTree = "<group>"; };
		0F7770881C864BFC0025057F /* Base */ = {isa = PBXFileReference; lastKnownFileType = file.storyboard; name = Base; path = Base.lproj/Main.storyboard; sourceTree = "<group>"; };
		0F77708A1C864BFC0025057F /* Assets.xcassets */ = {isa = PBXFileReference; lastKnownFileType = folder.assetcatalog; path = Assets.xcassets; sourceTree = "<group>"; };
		0F77708D1C864BFC0025057F /* Base */ = {isa = PBXFileReference; lastKnownFileType = file.storyboard; name = Base; path = Base.lproj/LaunchScreen.storyboard; sourceTree = "<group>"; };
		0F77708F1C864BFC0025057F /* Info.plist */ = {isa = PBXFileReference; lastKnownFileType = text.plist.xml; path = Info.plist; sourceTree = "<group>"; };
		83D53C6C112D520B495F085D /* Pods-GeofencingDemo.release.xcconfig */ = {isa = PBXFileReference; includeInIndex = 1; lastKnownFileType = text.xcconfig; name = "Pods-GeofencingDemo.release.xcconfig"; path = "Pods/Target Support Files/Pods-GeofencingDemo/Pods-GeofencingDemo.release.xcconfig"; sourceTree = "<group>"; };
		A5254FAC71427A025E606F2B /* Pods-GeofencingDemo.debug.xcconfig */ = {isa = PBXFileReference; includeInIndex = 1; lastKnownFileType = text.xcconfig; name = "Pods-GeofencingDemo.debug.xcconfig"; path = "Pods/Target Support Files/Pods-GeofencingDemo/Pods-GeofencingDemo.debug.xcconfig"; sourceTree = "<group>"; };
		C76F14FB6ADB3FD207B7D322 /* libPods-GeofencingDemo.a */ = {isa = PBXFileReference; explicitFileType = archive.ar; includeInIndex = 0; path = "libPods-GeofencingDemo.a"; sourceTree = BUILT_PRODUCTS_DIR; };
/* End PBXFileReference section */

/* Begin PBXFrameworksBuildPhase section */
		0F7770751C864BFC0025057F /* Frameworks */ = {
			isa = PBXFrameworksBuildPhase;
			buildActionMask = 2147483647;
			files = (
				C52F8F542A2DE0C7430D7232 /* libPods-GeofencingDemo.a in Frameworks */,
			);
			runOnlyForDeploymentPostprocessing = 0;
		};
/* End PBXFrameworksBuildPhase section */

/* Begin PBXGroup section */
		0F77706F1C864BFC0025057F = {
			isa = PBXGroup;
			children = (
				0F77707A1C864BFC0025057F /* GeofencingDemo */,
				0F7770791C864BFC0025057F /* Products */,
				D8C85D3FC03ED36C1477C952 /* Pods */,
				6791D9F9D03BF22135A519A8 /* Frameworks */,
			);
			sourceTree = "<group>";
		};
		0F7770791C864BFC0025057F /* Products */ = {
			isa = PBXGroup;
			children = (
				0F7770781C864BFC0025057F /* GeofencingDemo.app */,
			);
			name = Products;
			sourceTree = "<group>";
		};
		0F77707A1C864BFC0025057F /* GeofencingDemo */ = {
			isa = PBXGroup;
			children = (
				0F77707E1C864BFC0025057F /* AppDelegate.h */,
				0F77707F1C864BFC0025057F /* AppDelegate.m */,
				0F7770811C864BFC0025057F /* FirstViewController.h */,
				0F7770821C864BFC0025057F /* FirstViewController.m */,
				0F7770841C864BFC0025057F /* SecondViewController.h */,
				0F7770851C864BFC0025057F /* SecondViewController.m */,
				0F7770871C864BFC0025057F /* Main.storyboard */,
				0F77708A1C864BFC0025057F /* Assets.xcassets */,
				0F77708C1C864BFC0025057F /* LaunchScreen.storyboard */,
				0F77708F1C864BFC0025057F /* Info.plist */,
				0F77707B1C864BFC0025057F /* Supporting Files */,
			);
			path = GeofencingDemo;
			sourceTree = "<group>";
		};
		0F77707B1C864BFC0025057F /* Supporting Files */ = {
			isa = PBXGroup;
			children = (
				0F77707C1C864BFC0025057F /* main.m */,
			);
			name = "Supporting Files";
			sourceTree = "<group>";
		};
		6791D9F9D03BF22135A519A8 /* Frameworks */ = {
			isa = PBXGroup;
			children = (
				C76F14FB6ADB3FD207B7D322 /* libPods-GeofencingDemo.a */,
			);
			name = Frameworks;
			sourceTree = "<group>";
		};
		D8C85D3FC03ED36C1477C952 /* Pods */ = {
			isa = PBXGroup;
			children = (
				A5254FAC71427A025E606F2B /* Pods-GeofencingDemo.debug.xcconfig */,
				83D53C6C112D520B495F085D /* Pods-GeofencingDemo.release.xcconfig */,
			);
			name = Pods;
			sourceTree = "<group>";
		};
/* End PBXGroup section */

/* Begin PBXNativeTarget section */
		0F7770771C864BFC0025057F /* GeofencingDemo */ = {
			isa = PBXNativeTarget;
			buildConfigurationList = 0F7770921C864BFC0025057F /* Build configuration list for PBXNativeTarget "GeofencingDemo" */;
			buildPhases = (
				9C543AA43C02DAE9B2B30204 /* Check Pods Manifest.lock */,
				0F7770741C864BFC0025057F /* Sources */,
				0F7770751C864BFC0025057F /* Frameworks */,
				0F7770761C864BFC0025057F /* Resources */,
				815723D27DA0DFDF5B80E4BF /* Embed Pods Frameworks */,
				62AE2E965527FF8E2FFD80AC /* Copy Pods Resources */,
			);
			buildRules = (
			);
			dependencies = (
			);
			name = GeofencingDemo;
			productName = GeofencingDemo;
			productReference = 0F7770781C864BFC0025057F /* GeofencingDemo.app */;
			productType = "com.apple.product-type.application";
		};
/* End PBXNativeTarget section */

/* Begin PBXProject section */
		0F7770701C864BFC0025057F /* Project object */ = {
			isa = PBXProject;
			attributes = {
				LastUpgradeCheck = 0710;
				ORGANIZATIONNAME = "Aaron Parecki";
				TargetAttributes = {
					0F7770771C864BFC0025057F = {
						CreatedOnToolsVersion = 7.1.1;
					};
				};
			};
			buildConfigurationList = 0F7770731C864BFC0025057F /* Build configuration list for PBXProject "GeofencingDemo" */;
			compatibilityVersion = "Xcode 3.2";
			developmentRegion = English;
			hasScannedForEncodings = 0;
			knownRegions = (
				en,
				Base,
			);
			mainGroup = 0F77706F1C864BFC0025057F;
			productRefGroup = 0F7770791C864BFC0025057F /* Products */;
			projectDirPath = "";
			projectRoot = "";
			targets = (
				0F7770771C864BFC0025057F /* GeofencingDemo */,
			);
		};
/* End PBXProject section */

/* Begin PBXResourcesBuildPhase section */
		0F7770761C864BFC0025057F /* Resources */ = {
			isa = PBXResourcesBuildPhase;
			buildActionMask = 2147483647;
			files = (
				0F77708E1C864BFC0025057F /* LaunchScreen.storyboard in Resources */,
				0F77708B1C864BFC0025057F /* Assets.xcassets in Resources */,
				0F7770891C864BFC0025057F /* Main.storyboard in Resources */,
			);
			runOnlyForDeploymentPostprocessing = 0;
		};
/* End PBXResourcesBuildPhase section */

/* Begin PBXShellScriptBuildPhase section */
		62AE2E965527FF8E2FFD80AC /* Copy Pods Resources */ = {
			isa = PBXShellScriptBuildPhase;
			buildActionMask = 2147483647;
			files = (
			);
			inputPaths = (
			);
			name = "Copy Pods Resources";
			outputPaths = (
			);
			runOnlyForDeploymentPostprocessing = 0;
			shellPath = /bin/sh;
			shellScript = "\"${SRCROOT}/Pods/Target Support Files/Pods-GeofencingDemo/Pods-GeofencingDemo-resources.sh\"\n";
			showEnvVarsInLog = 0;
		};
		815723D27DA0DFDF5B80E4BF /* Embed Pods Frameworks */ = {
			isa = PBXShellScriptBuildPhase;
			buildActionMask = 2147483647;
			files = (
			);
			inputPaths = (
			);
			name = "Embed Pods Frameworks";
			outputPaths = (
			);
			runOnlyForDeploymentPostprocessing = 0;
			shellPath = /bin/sh;
			shellScript = "\"${SRCROOT}/Pods/Target Support Files/Pods-GeofencingDemo/Pods-GeofencingDemo-frameworks.sh\"\n";
			showEnvVarsInLog = 0;
		};
		9C543AA43C02DAE9B2B30204 /* Check Pods Manifest.lock */ = {
			isa = PBXShellScriptBuildPhase;
			buildActionMask = 2147483647;
			files = (
			);
			inputPaths = (
			);
			name = "Check Pods Manifest.lock";
			outputPaths = (
			);
			runOnlyForDeploymentPostprocessing = 0;
			shellPath = /bin/sh;
			shellScript = "diff \"${PODS_ROOT}/../Podfile.lock\" \"${PODS_ROOT}/Manifest.lock\" > /dev/null\nif [[ $? != 0 ]] ; then\n    cat << EOM\nerror: The sandbox is not in sync with the Podfile.lock. Run 'pod install' or update your CocoaPods installation.\nEOM\n    exit 1\nfi\n";
			showEnvVarsInLog = 0;
		};
/* End PBXShellScriptBuildPhase section */

/* Begin PBXSourcesBuildPhase section */
		0F7770741C864BFC0025057F /* Sources */ = {
			isa = PBXSourcesBuildPhase;
			buildActionMask = 2147483647;
			files = (
				0F7770861C864BFC0025057F /* SecondViewController.m in Sources */,
				0F7770801C864BFC0025057F /* AppDelegate.m in Sources */,
				0F7770831C864BFC0025057F /* FirstViewController.m in Sources */,
				0F77707D1C864BFC0025057F /* main.m in Sources */,
			);
			runOnlyForDeploymentPostprocessing = 0;
		};
/* End PBXSourcesBuildPhase section */

/* Begin PBXVariantGroup section */
		0F7770871C864BFC0025057F /* Main.storyboard */ = {
			isa = PBXVariantGroup;
			children = (
				0F7770881C864BFC0025057F /* Base */,
			);
			name = Main.storyboard;
			sourceTree = "<group>";
		};
		0F77708C1C864BFC0025057F /* LaunchScreen.storyboard */ = {
			isa = PBXVariantGroup;
			children = (
				0F77708D1C864BFC0025057F /* Base */,
			);
			name = LaunchScreen.storyboard;
			sourceTree = "<group>";
		};
/* End PBXVariantGroup section */

/* Begin XCBuildConfiguration section */
		0F7770901C864BFC0025057F /* Debug */ = {
			isa = XCBuildConfiguration;
			buildSettings = {
				ALWAYS_SEARCH_USER_PATHS = NO;
				CLANG_CXX_LANGUAGE_STANDARD = "gnu++0x";
				CLANG_CXX_LIBRARY = "libc++";
				CLANG_ENABLE_MODULES = YES;
				CLANG_ENABLE_OBJC_ARC = YES;
				CLANG_WARN_BOOL_CONVERSION = YES;
				CLANG_WARN_CONSTANT_CONVERSION = YES;
				CLANG_WARN_DIRECT_OBJC_ISA_USAGE = YES_ERROR;
				CLANG_WARN_EMPTY_BODY = YES;
				CLANG_WARN_ENUM_CONVERSION = YES;
				CLANG_WARN_INT_CONVERSION = YES;
				CLANG_WARN_OBJC_ROOT_CLASS = YES_ERROR;
				CLANG_WARN_UNREACHABLE_CODE = YES;
				CLANG_WARN__DUPLICATE_METHOD_MATCH = YES;
				"CODE_SIGN_IDENTITY[sdk=iphoneos*]" = "iPhone Developer";
				COPY_PHASE_STRIP = NO;
				DEBUG_INFORMATION_FORMAT = dwarf;
				ENABLE_STRICT_OBJC_MSGSEND = YES;
				ENABLE_TESTABILITY = YES;
				GCC_C_LANGUAGE_STANDARD = gnu99;
				GCC_DYNAMIC_NO_PIC = NO;
				GCC_NO_COMMON_BLOCKS = YES;
				GCC_OPTIMIZATION_LEVEL = 0;
				GCC_PREPROCESSOR_DEFINITIONS = (
					"DEBUG=1",
					"$(inherited)",
				);
				GCC_WARN_64_TO_32_BIT_CONVERSION = YES;
				GCC_WARN_ABOUT_RETURN_TYPE = YES_ERROR;
				GCC_WARN_UNDECLARED_SELECTOR = YES;
				GCC_WARN_UNINITIALIZED_AUTOS = YES_AGGRESSIVE;
				GCC_WARN_UNUSED_FUNCTION = YES;
				GCC_WARN_UNUSED_VARIABLE = YES;
				IPHONEOS_DEPLOYMENT_TARGET = 9.1;
				MTL_ENABLE_DEBUG_INFO = YES;
				ONLY_ACTIVE_ARCH = YES;
				SDKROOT = iphoneos;
			};
			name = Debug;
		};
		0F7770911C864BFC0025057F /* Release */ = {
			isa = XCBuildConfiguration;
			buildSettings = {
				ALWAYS_SEARCH_USER_PATHS = NO;
				CLANG_CXX_LANGUAGE_STANDARD = "gnu++0x";
				CLANG_CXX_LIBRARY = "libc++";
				CLANG_ENABLE_MODULES = YES;
				CLANG_ENABLE_OBJC_ARC = YES;
				CLANG_WARN_BOOL_CONVERSION = YES;
				CLANG_WARN_CONSTANT_CONVERSION = YES;
				CLANG_WARN_DIRECT_OBJC_ISA_USAGE = YES_ERROR;
				CLANG_WARN_EMPTY_BODY = YES;
				CLANG_WARN_ENUM_CONVERSION = YES;
				CLANG_WARN_INT_CONVERSION = YES;
				CLANG_WARN_OBJC_ROOT_CLASS = YES_ERROR;
				CLANG_WARN_UNREACHABLE_CODE = YES;
				CLANG_WARN__DUPLICATE_METHOD_MATCH = YES;
				"CODE_SIGN_IDENTITY[sdk=iphoneos*]" = "iPhone Developer";
				COPY_PHASE_STRIP = NO;
				DEBUG_INFORMATION_FORMAT = "dwarf-with-dsym";
				ENABLE_NS_ASSERTIONS = NO;
				ENABLE_STRICT_OBJC_MSGSEND = YES;
				GCC_C_LANGUAGE_STANDARD = gnu99;
				GCC_NO_COMMON_BLOCKS = YES;
				GCC_WARN_64_TO_32_BIT_CONVERSION = YES;
				GCC_WARN_ABOUT_RETURN_TYPE = YES_ERROR;
				GCC_WARN_UNDECLARED_SELECTOR = YES;
				GCC_WARN_UNINITIALIZED_AUTOS = YES_AGGRESSIVE;
				GCC_WARN_UNUSED_FUNCTION = YES;
				GCC_WARN_UNUSED_VARIABLE = YES;
				IPHONEOS_DEPLOYMENT_TARGET = 9.1;
				MTL_ENABLE_DEBUG_INFO = NO;
				SDKROOT = iphoneos;
				VALIDATE_PRODUCT = YES;
			};
			name = Release;
		};
		0F7770931C864BFC0025057F /* Debug */ = {
			isa = XCBuildConfiguration;
			baseConfigurationReference = A5254FAC71427A025E606F2B /* Pods-GeofencingDemo.debug.xcconfig */;
			buildSettings = {
				ASSETCATALOG_COMPILER_APPICON_NAME = AppIcon;
				CODE_SIGN_IDENTITY = "iPhone Developer";
				ENABLE_BITCODE = NO;
				INFOPLIST_FILE = GeofencingDemo/Info.plist;
				LD_RUNPATH_SEARCH_PATHS = "$(inherited) @executable_path/Frameworks";
				PRODUCT_BUNDLE_IDENTIFIER = com.esri.GeofencingDemo;
				PRODUCT_NAME = "$(TARGET_NAME)";
			};
			name = Debug;
		};
		0F7770941C864BFC0025057F /* Release */ = {
			isa = XCBuildConfiguration;
			baseConfigurationReference = 83D53C6C112D520B495F085D /* Pods-GeofencingDemo.release.xcconfig */;
			buildSettings = {
				ASSETCATALOG_COMPILER_APPICON_NAME = AppIcon;
				CODE_SIGN_IDENTITY = "iPhone Developer";
				ENABLE_BITCODE = NO;
				INFOPLIST_FILE = GeofencingDemo/Info.plist;
				LD_RUNPATH_SEARCH_PATHS = "$(inherited) @executable_path/Frameworks";
				PRODUCT_BUNDLE_IDENTIFIER = com.esri.GeofencingDemo;
				PRODUCT_NAME = "$(TARGET_NAME)";
			};
			name = Release;
		};
/* End XCBuildConfiguration section */

/* Begin XCConfigurationList section */
		0F7770731C864BFC0025057F /* Build configuration list for PBXProject "GeofencingDemo" */ = {
			isa = XCConfigurationList;
			buildConfigurations = (
				0F7770901C864BFC0025057F /* Debug */,
				0F7770911C864BFC0025057F /* Release */,
			);
			defaultConfigurationIsVisible = 0;
			defaultConfigurationName = Release;
		};
		0F7770921C864BFC0025057F /* Build configuration list for PBXNativeTarget "GeofencingDemo" */ = {
			isa = XCConfigurationList;
			buildConfigurations = (
				0F7770931C864BFC0025057F /* Debug */,
				0F7770941C864BFC0025057F /* Release */,
			);
			defaultConfigurationIsVisible = 0;
			defaultConfigurationName = Release;
		};
/* End XCConfigurationList section */
	};
	rootObject = 0F7770701C864BFC0025057F /* Project object */;
}
